// !$*UTF8*$!
{
	archiveVersion = 1;
	classes = {
	};
	objectVersion = 56;
	objects = {

/* Begin PBXBuildFile section */
		4A00F96E29C8796400E9BC63 /* AVLPlayerCVCell.swift in Sources */ = {isa = PBXBuildFile; fileRef = 4A00F96D29C8796400E9BC63 /* AVLPlayerCVCell.swift */; };
		4A00F97029C89ABF00E9BC63 /* ViewController.swift in Sources */ = {isa = PBXBuildFile; fileRef = 4A00F96F29C89ABF00E9BC63 /* ViewController.swift */; };
		4A00F97229C89E0D00E9BC63 /* AboutUsVC.swift in Sources */ = {isa = PBXBuildFile; fileRef = 4A00F97129C89E0D00E9BC63 /* AboutUsVC.swift */; };
		4A69B40729BB22F6002FD07B /* WorksCell.swift in Sources */ = {isa = PBXBuildFile; fileRef = 4A69B40629BB22F6002FD07B /* WorksCell.swift */; };
		4A69B40D29BF1126002FD07B /* ServiceCell.swift in Sources */ = {isa = PBXBuildFile; fileRef = 4A69B40C29BF1126002FD07B /* ServiceCell.swift */; };
		4A69B40F29BF1979002FD07B /* ServiceVC.swift in Sources */ = {isa = PBXBuildFile; fileRef = 4A69B40E29BF1979002FD07B /* ServiceVC.swift */; };
		4A69B41129C0601A002FD07B /* ReferenceVC.swift in Sources */ = {isa = PBXBuildFile; fileRef = 4A69B41029C0601A002FD07B /* ReferenceVC.swift */; };
		4A69B41529C0608D002FD07B /* RefCollectionViewCell.swift in Sources */ = {isa = PBXBuildFile; fileRef = 4A69B41429C0608D002FD07B /* RefCollectionViewCell.swift */; };
		4A69B43729C1A8ED002FD07B /* ContactVC.swift in Sources */ = {isa = PBXBuildFile; fileRef = 4A69B43629C1A8ED002FD07B /* ContactVC.swift */; };
		4AF01E4029B8B66D00980399 /* AppDelegate.swift in Sources */ = {isa = PBXBuildFile; fileRef = 4AF01E3F29B8B66D00980399 /* AppDelegate.swift */; };
		4AF01E4229B8B66D00980399 /* SceneDelegate.swift in Sources */ = {isa = PBXBuildFile; fileRef = 4AF01E4129B8B66D00980399 /* SceneDelegate.swift */; };
		4AF01E4729B8B66D00980399 /* Main.storyboard in Resources */ = {isa = PBXBuildFile; fileRef = 4AF01E4529B8B66D00980399 /* Main.storyboard */; };
		4AF01E4929B8B66F00980399 /* Assets.xcassets in Resources */ = {isa = PBXBuildFile; fileRef = 4AF01E4829B8B66F00980399 /* Assets.xcassets */; };
		4AF01E4C29B8B66F00980399 /* LaunchScreen.storyboard in Resources */ = {isa = PBXBuildFile; fileRef = 4AF01E4A29B8B66F00980399 /* LaunchScreen.storyboard */; };
		4AF01E5A29B9B88A00980399 /* SideMenuController.swift in Sources */ = {isa = PBXBuildFile; fileRef = 4AF01E5929B9B88A00980399 /* SideMenuController.swift */; };
		4AF01E5C29B9C25600980399 /* PresentedVC.swift in Sources */ = {isa = PBXBuildFile; fileRef = 4AF01E5B29B9C25600980399 /* PresentedVC.swift */; };
		855DD43FDA80A5E56888D4FA /* Pods_Proje_SideBar_.framework in Frameworks */ = {isa = PBXBuildFile; fileRef = E433BE33BB136955C35D584E /* Pods_Proje_SideBar_.framework */; };
/* End PBXBuildFile section */

/* Begin PBXFileReference section */
		219F6D09A51D9247EF8CBDB6 /* Pods-Proje(SideBar).debug.xcconfig */ = {isa = PBXFileReference; includeInIndex = 1; lastKnownFileType = text.xcconfig; name = "Pods-Proje(SideBar).debug.xcconfig"; path = "Target Support Files/Pods-Proje(SideBar)/Pods-Proje(SideBar).debug.xcconfig"; sourceTree = "<group>"; };
		4A00F96D29C8796400E9BC63 /* AVLPlayerCVCell.swift */ = {isa = PBXFileReference; lastKnownFileType = sourcecode.swift; path = AVLPlayerCVCell.swift; sourceTree = "<group>"; };
		4A00F96F29C89ABF00E9BC63 /* ViewController.swift */ = {isa = PBXFileReference; lastKnownFileType = sourcecode.swift; path = ViewController.swift; sourceTree = "<group>"; };
		4A00F97129C89E0D00E9BC63 /* AboutUsVC.swift */ = {isa = PBXFileReference; lastKnownFileType = sourcecode.swift; path = AboutUsVC.swift; sourceTree = "<group>"; };
		4A69B40629BB22F6002FD07B /* WorksCell.swift */ = {isa = PBXFileReference; lastKnownFileType = sourcecode.swift; path = WorksCell.swift; sourceTree = "<group>"; };
		4A69B40C29BF1126002FD07B /* ServiceCell.swift */ = {isa = PBXFileReference; lastKnownFileType = sourcecode.swift; path = ServiceCell.swift; sourceTree = "<group>"; };
		4A69B40E29BF1979002FD07B /* ServiceVC.swift */ = {isa = PBXFileReference; lastKnownFileType = sourcecode.swift; path = ServiceVC.swift; sourceTree = "<group>"; };
		4A69B41029C0601A002FD07B /* ReferenceVC.swift */ = {isa = PBXFileReference; lastKnownFileType = sourcecode.swift; path = ReferenceVC.swift; sourceTree = "<group>"; };
		4A69B41429C0608D002FD07B /* RefCollectionViewCell.swift */ = {isa = PBXFileReference; lastKnownFileType = sourcecode.swift; path = RefCollectionViewCell.swift; sourceTree = "<group>"; };
		4A69B43629C1A8ED002FD07B /* ContactVC.swift */ = {isa = PBXFileReference; lastKnownFileType = sourcecode.swift; path = ContactVC.swift; sourceTree = "<group>"; };
		4AF01E3C29B8B66D00980399 /* Proje(SideBar).app */ = {isa = PBXFileReference; explicitFileType = wrapper.application; includeInIndex = 0; path = "Proje(SideBar).app"; sourceTree = BUILT_PRODUCTS_DIR; };
		4AF01E3F29B8B66D00980399 /* AppDelegate.swift */ = {isa = PBXFileReference; lastKnownFileType = sourcecode.swift; path = AppDelegate.swift; sourceTree = "<group>"; };
		4AF01E4129B8B66D00980399 /* SceneDelegate.swift */ = {isa = PBXFileReference; lastKnownFileType = sourcecode.swift; path = SceneDelegate.swift; sourceTree = "<group>"; };
		4AF01E4629B8B66D00980399 /* Base */ = {isa = PBXFileReference; lastKnownFileType = file.storyboard; name = Base; path = Base.lproj/Main.storyboard; sourceTree = "<group>"; };
		4AF01E4829B8B66F00980399 /* Assets.xcassets */ = {isa = PBXFileReference; lastKnownFileType = folder.assetcatalog; path = Assets.xcassets; sourceTree = "<group>"; };
		4AF01E4B29B8B66F00980399 /* Base */ = {isa = PBXFileReference; lastKnownFileType = file.storyboard; name = Base; path = Base.lproj/LaunchScreen.storyboard; sourceTree = "<group>"; };
		4AF01E4D29B8B66F00980399 /* Info.plist */ = {isa = PBXFileReference; lastKnownFileType = text.plist.xml; path = Info.plist; sourceTree = "<group>"; };
		4AF01E5929B9B88A00980399 /* SideMenuController.swift */ = {isa = PBXFileReference; lastKnownFileType = sourcecode.swift; path = SideMenuController.swift; sourceTree = "<group>"; };
		4AF01E5B29B9C25600980399 /* PresentedVC.swift */ = {isa = PBXFileReference; lastKnownFileType = sourcecode.swift; path = PresentedVC.swift; sourceTree = "<group>"; };
		626F4C85866FFF658A7A2525 /* Pods-Proje(SideBar).release.xcconfig */ = {isa = PBXFileReference; includeInIndex = 1; lastKnownFileType = text.xcconfig; name = "Pods-Proje(SideBar).release.xcconfig"; path = "Target Support Files/Pods-Proje(SideBar)/Pods-Proje(SideBar).release.xcconfig"; sourceTree = "<group>"; };
		E433BE33BB136955C35D584E /* Pods_Proje_SideBar_.framework */ = {isa = PBXFileReference; explicitFileType = wrapper.framework; includeInIndex = 0; path = Pods_Proje_SideBar_.framework; sourceTree = BUILT_PRODUCTS_DIR; };
/* End PBXFileReference section */

/* Begin PBXFrameworksBuildPhase section */
		4AF01E3929B8B66D00980399 /* Frameworks */ = {
			isa = PBXFrameworksBuildPhase;
			buildActionMask = 2147483647;
			files = (
				855DD43FDA80A5E56888D4FA /* Pods_Proje_SideBar_.framework in Frameworks */,
			);
			runOnlyForDeploymentPostprocessing = 0;
		};
/* End PBXFrameworksBuildPhase section */

/* Begin PBXGroup section */
		4AACF03F29C9B670003B999B /* HomePage */ = {
			isa = PBXGroup;
			children = (
				4A00F96F29C89ABF00E9BC63 /* ViewController.swift */,
				4A00F96D29C8796400E9BC63 /* AVLPlayerCVCell.swift */,
			);
			path = HomePage;
			sourceTree = "<group>";
		};
		4AACF04229CB09DA003B999B /* WorkPage */ = {
			isa = PBXGroup;
			children = (
				4AF01E5B29B9C25600980399 /* PresentedVC.swift */,
				4A69B40629BB22F6002FD07B /* WorksCell.swift */,
			);
			path = WorkPage;
			sourceTree = "<group>";
		};
		4AACF04329CB0A22003B999B /* ServicePage */ = {
			isa = PBXGroup;
			children = (
				4A69B40E29BF1979002FD07B /* ServiceVC.swift */,
				4A69B40C29BF1126002FD07B /* ServiceCell.swift */,
			);
			path = ServicePage;
			sourceTree = "<group>";
		};
		4AACF04429CB0A43003B999B /* AboutUsPage */ = {
			isa = PBXGroup;
			children = (
				4A00F97129C89E0D00E9BC63 /* AboutUsVC.swift */,
			);
			path = AboutUsPage;
			sourceTree = "<group>";
		};
		4AACF04529CB0A5C003B999B /* ReferencePage */ = {
			isa = PBXGroup;
			children = (
				4A69B41029C0601A002FD07B /* ReferenceVC.swift */,
				4A69B41429C0608D002FD07B /* RefCollectionViewCell.swift */,
			);
			path = ReferencePage;
			sourceTree = "<group>";
		};
		4AACF04729CB10B0003B999B /* ContactPage */ = {
			isa = PBXGroup;
			children = (
				4A69B43629C1A8ED002FD07B /* ContactVC.swift */,
			);
			path = ContactPage;
			sourceTree = "<group>";
		};
		4AF01E3329B8B66D00980399 = {
			isa = PBXGroup;
			children = (
				4AF01E3E29B8B66D00980399 /* Proje(SideBar) */,
				4AF01E3D29B8B66D00980399 /* Products */,
				CCB58C889D1E358558FD1B06 /* Pods */,
				722D6BBBA959EAA4454D3165 /* Frameworks */,
			);
			sourceTree = "<group>";
		};
		4AF01E3D29B8B66D00980399 /* Products */ = {
			isa = PBXGroup;
			children = (
				4AF01E3C29B8B66D00980399 /* Proje(SideBar).app */,
			);
			name = Products;
			sourceTree = "<group>";
		};
		4AF01E3E29B8B66D00980399 /* Proje(SideBar) */ = {
			isa = PBXGroup;
			children = (
				4AF01E3F29B8B66D00980399 /* AppDelegate.swift */,
				4AF01E4129B8B66D00980399 /* SceneDelegate.swift */,
				4AACF03F29C9B670003B999B /* HomePage */,
				4AF01E4529B8B66D00980399 /* Main.storyboard */,
				4AF01E4829B8B66F00980399 /* Assets.xcassets */,
				4AF01E4A29B8B66F00980399 /* LaunchScreen.storyboard */,
				4AF01E4D29B8B66F00980399 /* Info.plist */,
				4AF01E5929B9B88A00980399 /* SideMenuController.swift */,
				4AACF04229CB09DA003B999B /* WorkPage */,
				4AACF04329CB0A22003B999B /* ServicePage */,
				4AACF04529CB0A5C003B999B /* ReferencePage */,
				4AACF04729CB10B0003B999B /* ContactPage */,
				4AACF04429CB0A43003B999B /* AboutUsPage */,
			);
			path = "Proje(SideBar)";
			sourceTree = "<group>";
		};
		722D6BBBA959EAA4454D3165 /* Frameworks */ = {
			isa = PBXGroup;
			children = (
				E433BE33BB136955C35D584E /* Pods_Proje_SideBar_.framework */,
			);
			name = Frameworks;
			sourceTree = "<group>";
		};
		CCB58C889D1E358558FD1B06 /* Pods */ = {
			isa = PBXGroup;
			children = (
				219F6D09A51D9247EF8CBDB6 /* Pods-Proje(SideBar).debug.xcconfig */,
				626F4C85866FFF658A7A2525 /* Pods-Proje(SideBar).release.xcconfig */,
			);
			path = Pods;
			sourceTree = "<group>";
		};
/* End PBXGroup section */

/* Begin PBXNativeTarget section */
		4AF01E3B29B8B66D00980399 /* Proje(SideBar) */ = {
			isa = PBXNativeTarget;
			buildConfigurationList = 4AF01E5029B8B66F00980399 /* Build configuration list for PBXNativeTarget "Proje(SideBar)" */;
			buildPhases = (
				C74C2ABD55DAD6B420575CFD /* [CP] Check Pods Manifest.lock */,
				4AF01E3829B8B66D00980399 /* Sources */,
				4AF01E3929B8B66D00980399 /* Frameworks */,
				4AF01E3A29B8B66D00980399 /* Resources */,
				844F58223976400EFC42C0D1 /* [CP] Embed Pods Frameworks */,
			);
			buildRules = (
			);
			dependencies = (
			);
			name = "Proje(SideBar)";
			productName = "Proje(SideBar)";
			productReference = 4AF01E3C29B8B66D00980399 /* Proje(SideBar).app */;
			productType = "com.apple.product-type.application";
		};
/* End PBXNativeTarget section */

/* Begin PBXProject section */
		4AF01E3429B8B66D00980399 /* Project object */ = {
			isa = PBXProject;
			attributes = {
				BuildIndependentTargetsInParallel = 1;
				LastSwiftUpdateCheck = 1420;
				LastUpgradeCheck = 1420;
				TargetAttributes = {
					4AF01E3B29B8B66D00980399 = {
						CreatedOnToolsVersion = 14.2;
					};
				};
			};
			buildConfigurationList = 4AF01E3729B8B66D00980399 /* Build configuration list for PBXProject "Proje(SideBar)" */;
			compatibilityVersion = "Xcode 14.0";
			developmentRegion = en;
			hasScannedForEncodings = 0;
			knownRegions = (
				en,
				Base,
			);
			mainGroup = 4AF01E3329B8B66D00980399;
			productRefGroup = 4AF01E3D29B8B66D00980399 /* Products */;
			projectDirPath = "";
			projectRoot = "";
			targets = (
				4AF01E3B29B8B66D00980399 /* Proje(SideBar) */,
			);
		};
/* End PBXProject section */

/* Begin PBXResourcesBuildPhase section */
		4AF01E3A29B8B66D00980399 /* Resources */ = {
			isa = PBXResourcesBuildPhase;
			buildActionMask = 2147483647;
			files = (
				4AF01E4C29B8B66F00980399 /* LaunchScreen.storyboard in Resources */,
				4AF01E4929B8B66F00980399 /* Assets.xcassets in Resources */,
				4AF01E4729B8B66D00980399 /* Main.storyboard in Resources */,
			);
			runOnlyForDeploymentPostprocessing = 0;
		};
/* End PBXResourcesBuildPhase section */

/* Begin PBXShellScriptBuildPhase section */
		844F58223976400EFC42C0D1 /* [CP] Embed Pods Frameworks */ = {
			isa = PBXShellScriptBuildPhase;
			buildActionMask = 2147483647;
			files = (
			);
			inputFileListPaths = (
				"${PODS_ROOT}/Target Support Files/Pods-Proje(SideBar)/Pods-Proje(SideBar)-frameworks-${CONFIGURATION}-input-files.xcfilelist",
			);
			name = "[CP] Embed Pods Frameworks";
			outputFileListPaths = (
				"${PODS_ROOT}/Target Support Files/Pods-Proje(SideBar)/Pods-Proje(SideBar)-frameworks-${CONFIGURATION}-output-files.xcfilelist",
			);
			runOnlyForDeploymentPostprocessing = 0;
			shellPath = /bin/sh;
			shellScript = "\"${PODS_ROOT}/Target Support Files/Pods-Proje(SideBar)/Pods-Proje(SideBar)-frameworks.sh\"\n";
			showEnvVarsInLog = 0;
		};
		C74C2ABD55DAD6B420575CFD /* [CP] Check Pods Manifest.lock */ = {
			isa = PBXShellScriptBuildPhase;
			buildActionMask = 2147483647;
			files = (
			);
			inputFileListPaths = (
			);
			inputPaths = (
				"${PODS_PODFILE_DIR_PATH}/Podfile.lock",
				"${PODS_ROOT}/Manifest.lock",
			);
			name = "[CP] Check Pods Manifest.lock";
			outputFileListPaths = (
			);
			outputPaths = (
				"$(DERIVED_FILE_DIR)/Pods-Proje(SideBar)-checkManifestLockResult.txt",
			);
			runOnlyForDeploymentPostprocessing = 0;
			shellPath = /bin/sh;
			shellScript = "diff \"${PODS_PODFILE_DIR_PATH}/Podfile.lock\" \"${PODS_ROOT}/Manifest.lock\" > /dev/null\nif [ $? != 0 ] ; then\n    # print error to STDERR\n    echo \"error: The sandbox is not in sync with the Podfile.lock. Run 'pod install' or update your CocoaPods installation.\" >&2\n    exit 1\nfi\n# This output is used by Xcode 'outputs' to avoid re-running this script phase.\necho \"SUCCESS\" > \"${SCRIPT_OUTPUT_FILE_0}\"\n";
			showEnvVarsInLog = 0;
		};
/* End PBXShellScriptBuildPhase section */

/* Begin PBXSourcesBuildPhase section */
		4AF01E3829B8B66D00980399 /* Sources */ = {
			isa = PBXSourcesBuildPhase;
			buildActionMask = 2147483647;
			files = (
				4AF01E5C29B9C25600980399 /* PresentedVC.swift in Sources */,
				4A69B43729C1A8ED002FD07B /* ContactVC.swift in Sources */,
				4AF01E5A29B9B88A00980399 /* SideMenuController.swift in Sources */,
				4A69B40D29BF1126002FD07B /* ServiceCell.swift in Sources */,
				4A00F96E29C8796400E9BC63 /* AVLPlayerCVCell.swift in Sources */,
				4A69B41529C0608D002FD07B /* RefCollectionViewCell.swift in Sources */,
				4A00F97029C89ABF00E9BC63 /* ViewController.swift in Sources */,
				4A69B40F29BF1979002FD07B /* ServiceVC.swift in Sources */,
				4AF01E4029B8B66D00980399 /* AppDelegate.swift in Sources */,
				4A69B40729BB22F6002FD07B /* WorksCell.swift in Sources */,
				4AF01E4229B8B66D00980399 /* SceneDelegate.swift in Sources */,
				4A00F97229C89E0D00E9BC63 /* AboutUsVC.swift in Sources */,
				4A69B41129C0601A002FD07B /* ReferenceVC.swift in Sources */,
			);
			runOnlyForDeploymentPostprocessing = 0;
		};
/* End PBXSourcesBuildPhase section */

/* Begin PBXVariantGroup section */
		4AF01E4529B8B66D00980399 /* Main.storyboard */ = {
			isa = PBXVariantGroup;
			children = (
				4AF01E4629B8B66D00980399 /* Base */,
			);
			name = Main.storyboard;
			sourceTree = "<group>";
		};
		4AF01E4A29B8B66F00980399 /* LaunchScreen.storyboard */ = {
			isa = PBXVariantGroup;
			children = (
				4AF01E4B29B8B66F00980399 /* Base */,
			);
			name = LaunchScreen.storyboard;
			sourceTree = "<group>";
		};
/* End PBXVariantGroup section */

/* Begin XCBuildConfiguration section */
		4AF01E4E29B8B66F00980399 /* Debug */ = {
			isa = XCBuildConfiguration;
			buildSettings = {
				ALWAYS_SEARCH_USER_PATHS = NO;
				CLANG_ANALYZER_NONNULL = YES;
				CLANG_ANALYZER_NUMBER_OBJECT_CONVERSION = YES_AGGRESSIVE;
				CLANG_CXX_LANGUAGE_STANDARD = "gnu++20";
				CLANG_ENABLE_MODULES = YES;
				CLANG_ENABLE_OBJC_ARC = YES;
				CLANG_ENABLE_OBJC_WEAK = YES;
				CLANG_WARN_BLOCK_CAPTURE_AUTORELEASING = YES;
				CLANG_WARN_BOOL_CONVERSION = YES;
				CLANG_WARN_COMMA = YES;
				CLANG_WARN_CONSTANT_CONVERSION = YES;
				CLANG_WARN_DEPRECATED_OBJC_IMPLEMENTATIONS = YES;
				CLANG_WARN_DIRECT_OBJC_ISA_USAGE = YES_ERROR;
				CLANG_WARN_DOCUMENTATION_COMMENTS = YES;
				CLANG_WARN_EMPTY_BODY = YES;
				CLANG_WARN_ENUM_CONVERSION = YES;
				CLANG_WARN_INFINITE_RECURSION = YES;
				CLANG_WARN_INT_CONVERSION = YES;
				CLANG_WARN_NON_LITERAL_NULL_CONVERSION = YES;
				CLANG_WARN_OBJC_IMPLICIT_RETAIN_SELF = YES;
				CLANG_WARN_OBJC_LITERAL_CONVERSION = YES;
				CLANG_WARN_OBJC_ROOT_CLASS = YES_ERROR;
				CLANG_WARN_QUOTED_INCLUDE_IN_FRAMEWORK_HEADER = YES;
				CLANG_WARN_RANGE_LOOP_ANALYSIS = YES;
				CLANG_WARN_STRICT_PROTOTYPES = YES;
				CLANG_WARN_SUSPICIOUS_MOVE = YES;
				CLANG_WARN_UNGUARDED_AVAILABILITY = YES_AGGRESSIVE;
				CLANG_WARN_UNREACHABLE_CODE = YES;
				CLANG_WARN__DUPLICATE_METHOD_MATCH = YES;
				COPY_PHASE_STRIP = NO;
				DEBUG_INFORMATION_FORMAT = dwarf;
				ENABLE_STRICT_OBJC_MSGSEND = YES;
				ENABLE_TESTABILITY = YES;
				GCC_C_LANGUAGE_STANDARD = gnu11;
				GCC_DYNAMIC_NO_PIC = NO;
				GCC_NO_COMMON_BLOCKS = YES;
				GCC_OPTIMIZATION_LEVEL = 0;
				GCC_PREPROCESSOR_DEFINITIONS = (
					"DEBUG=1",
					"$(inherited)",
				);
				GCC_WARN_64_TO_32_BIT_CONVERSION = YES;
				GCC_WARN_ABOUT_RETURN_TYPE = YES_ERROR;
				GCC_WARN_UNDECLARED_SELECTOR = YES;
				GCC_WARN_UNINITIALIZED_AUTOS = YES_AGGRESSIVE;
				GCC_WARN_UNUSED_FUNCTION = YES;
				GCC_WARN_UNUSED_VARIABLE = YES;
				IPHONEOS_DEPLOYMENT_TARGET = 16.2;
				MTL_ENABLE_DEBUG_INFO = INCLUDE_SOURCE;
				MTL_FAST_MATH = YES;
				ONLY_ACTIVE_ARCH = YES;
				SDKROOT = iphoneos;
				SWIFT_ACTIVE_COMPILATION_CONDITIONS = DEBUG;
				SWIFT_OPTIMIZATION_LEVEL = "-Onone";
			};
			name = Debug;
		};
		4AF01E4F29B8B66F00980399 /* Release */ = {
			isa = XCBuildConfiguration;
			buildSettings = {
				ALWAYS_SEARCH_USER_PATHS = NO;
				CLANG_ANALYZER_NONNULL = YES;
				CLANG_ANALYZER_NUMBER_OBJECT_CONVERSION = YES_AGGRESSIVE;
				CLANG_CXX_LANGUAGE_STANDARD = "gnu++20";
				CLANG_ENABLE_MODULES = YES;
				CLANG_ENABLE_OBJC_ARC = YES;
				CLANG_ENABLE_OBJC_WEAK = YES;
				CLANG_WARN_BLOCK_CAPTURE_AUTORELEASING = YES;
				CLANG_WARN_BOOL_CONVERSION = YES;
				CLANG_WARN_COMMA = YES;
				CLANG_WARN_CONSTANT_CONVERSION = YES;
				CLANG_WARN_DEPRECATED_OBJC_IMPLEMENTATIONS = YES;
				CLANG_WARN_DIRECT_OBJC_ISA_USAGE = YES_ERROR;
				CLANG_WARN_DOCUMENTATION_COMMENTS = YES;
				CLANG_WARN_EMPTY_BODY = YES;
				CLANG_WARN_ENUM_CONVERSION = YES;
				CLANG_WARN_INFINITE_RECURSION = YES;
				CLANG_WARN_INT_CONVERSION = YES;
				CLANG_WARN_NON_LITERAL_NULL_CONVERSION = YES;
				CLANG_WARN_OBJC_IMPLICIT_RETAIN_SELF = YES;
				CLANG_WARN_OBJC_LITERAL_CONVERSION = YES;
				CLANG_WARN_OBJC_ROOT_CLASS = YES_ERROR;
				CLANG_WARN_QUOTED_INCLUDE_IN_FRAMEWORK_HEADER = YES;
				CLANG_WARN_RANGE_LOOP_ANALYSIS = YES;
				CLANG_WARN_STRICT_PROTOTYPES = YES;
				CLANG_WARN_SUSPICIOUS_MOVE = YES;
				CLANG_WARN_UNGUARDED_AVAILABILITY = YES_AGGRESSIVE;
				CLANG_WARN_UNREACHABLE_CODE = YES;
				CLANG_WARN__DUPLICATE_METHOD_MATCH = YES;
				COPY_PHASE_STRIP = NO;
				DEBUG_INFORMATION_FORMAT = "dwarf-with-dsym";
				ENABLE_NS_ASSERTIONS = NO;
				ENABLE_STRICT_OBJC_MSGSEND = YES;
				GCC_C_LANGUAGE_STANDARD = gnu11;
				GCC_NO_COMMON_BLOCKS = YES;
				GCC_WARN_64_TO_32_BIT_CONVERSION = YES;
				GCC_WARN_ABOUT_RETURN_TYPE = YES_ERROR;
				GCC_WARN_UNDECLARED_SELECTOR = YES;
				GCC_WARN_UNINITIALIZED_AUTOS = YES_AGGRESSIVE;
				GCC_WARN_UNUSED_FUNCTION = YES;
				GCC_WARN_UNUSED_VARIABLE = YES;
				IPHONEOS_DEPLOYMENT_TARGET = 16.2;
				MTL_ENABLE_DEBUG_INFO = NO;
				MTL_FAST_MATH = YES;
				SDKROOT = iphoneos;
				SWIFT_COMPILATION_MODE = wholemodule;
				SWIFT_OPTIMIZATION_LEVEL = "-O";
				VALIDATE_PRODUCT = YES;
			};
			name = Release;
		};
		4AF01E5129B8B66F00980399 /* Debug */ = {
			isa = XCBuildConfiguration;
			baseConfigurationReference = 219F6D09A51D9247EF8CBDB6 /* Pods-Proje(SideBar).debug.xcconfig */;
			buildSettings = {
				ASSETCATALOG_COMPILER_APPICON_NAME = AppIcon;
				ASSETCATALOG_COMPILER_GLOBAL_ACCENT_COLOR_NAME = AccentColor;
				CODE_SIGN_STYLE = Automatic;
				CURRENT_PROJECT_VERSION = 1;
				DEVELOPMENT_TEAM = KSDTBS7HSD;
				GENERATE_INFOPLIST_FILE = YES;
				INFOPLIST_FILE = "Proje(SideBar)/Info.plist";
				INFOPLIST_KEY_UIApplicationSupportsIndirectInputEvents = YES;
				INFOPLIST_KEY_UILaunchStoryboardName = LaunchScreen;
				INFOPLIST_KEY_UIMainStoryboardFile = Main;
				INFOPLIST_KEY_UISupportedInterfaceOrientations_iPad = "UIInterfaceOrientationPortrait UIInterfaceOrientationPortraitUpsideDown UIInterfaceOrientationLandscapeLeft UIInterfaceOrientationLandscapeRight";
				INFOPLIST_KEY_UISupportedInterfaceOrientations_iPhone = "UIInterfaceOrientationPortrait UIInterfaceOrientationLandscapeLeft UIInterfaceOrientationLandscapeRight";
				LD_RUNPATH_SEARCH_PATHS = (
					"$(inherited)",
					"@executable_path/Frameworks",
				);
				MARKETING_VERSION = 1.0;
				PRODUCT_BUNDLE_IDENTIFIER = "com.tahirbayraktar.Proje-SideBar-";
				PRODUCT_NAME = "$(TARGET_NAME)";
				SWIFT_EMIT_LOC_STRINGS = YES;
				SWIFT_VERSION = 5.0;
				TARGETED_DEVICE_FAMILY = "1,2";
			};
			name = Debug;
		};
		4AF01E5229B8B66F00980399 /* Release */ = {
			isa = XCBuildConfiguration;
			baseConfigurationReference = 626F4C85866FFF658A7A2525 /* Pods-Proje(SideBar).release.xcconfig */;
			buildSettings = {
				ASSETCATALOG_COMPILER_APPICON_NAME = AppIcon;
				ASSETCATALOG_COMPILER_GLOBAL_ACCENT_COLOR_NAME = AccentColor;
				CODE_SIGN_STYLE = Automatic;
				CURRENT_PROJECT_VERSION = 1;
				DEVELOPMENT_TEAM = KSDTBS7HSD;
				GENERATE_INFOPLIST_FILE = YES;
				INFOPLIST_FILE = "Proje(SideBar)/Info.plist";
				INFOPLIST_KEY_UIApplicationSupportsIndirectInputEvents = YES;
				INFOPLIST_KEY_UILaunchStoryboardName = LaunchScreen;
				INFOPLIST_KEY_UIMainStoryboardFile = Main;
				INFOPLIST_KEY_UISupportedInterfaceOrientations_iPad = "UIInterfaceOrientationPortrait UIInterfaceOrientationPortraitUpsideDown UIInterfaceOrientationLandscapeLeft UIInterfaceOrientationLandscapeRight";
				INFOPLIST_KEY_UISupportedInterfaceOrientations_iPhone = "UIInterfaceOrientationPortrait UIInterfaceOrientationLandscapeLeft UIInterfaceOrientationLandscapeRight";
				LD_RUNPATH_SEARCH_PATHS = (
					"$(inherited)",
					"@executable_path/Frameworks",
				);
				MARKETING_VERSION = 1.0;
				PRODUCT_BUNDLE_IDENTIFIER = "com.tahirbayraktar.Proje-SideBar-";
				PRODUCT_NAME = "$(TARGET_NAME)";
				SWIFT_EMIT_LOC_STRINGS = YES;
				SWIFT_VERSION = 5.0;
				TARGETED_DEVICE_FAMILY = "1,2";
			};
			name = Release;
		};
/* End XCBuildConfiguration section */

/* Begin XCConfigurationList section */
		4AF01E3729B8B66D00980399 /* Build configuration list for PBXProject "Proje(SideBar)" */ = {
			isa = XCConfigurationList;
			buildConfigurations = (
				4AF01E4E29B8B66F00980399 /* Debug */,
				4AF01E4F29B8B66F00980399 /* Release */,
			);
			defaultConfigurationIsVisible = 0;
			defaultConfigurationName = Release;
		};
		4AF01E5029B8B66F00980399 /* Build configuration list for PBXNativeTarget "Proje(SideBar)" */ = {
			isa = XCConfigurationList;
			buildConfigurations = (
				4AF01E5129B8B66F00980399 /* Debug */,
				4AF01E5229B8B66F00980399 /* Release */,
			);
			defaultConfigurationIsVisible = 0;
			defaultConfigurationName = Release;
		};
/* End XCConfigurationList section */
	};
	rootObject = 4AF01E3429B8B66D00980399 /* Project object */;
}
